lockfileVersion: '9.0'

settings:
  autoInstallPeers: true
  excludeLinksFromLockfile: false

importers:

  .:
    dependencies:
      clsx:
        specifier: ^2.1.1
        version: 2.1.1
      motion:
        specifier: ^12.9.4
        version: 12.10.5
      tailwind-merge:
        specifier: ^3.2.0
        version: 3.2.0

packages:

  clsx@2.1.1:
    resolution: {integrity: sha512-eYm0QWBtUrBWZWG0d386OGAw16Z995PiOVo2B7bjWSbHedGl5e0ZWaq65kOGgUSNesEIDkB9ISbTg/JK9dhCZA==}
    engines: {node: '>=6'}

  framer-motion@12.10.5:
    resolution: {integrity: sha512-p6VF1YkwWvNDFzg5IQ5lqPx11Td4TQ6LqDnshV7sWj0Nrp4dwz2/aEzmgh9WA9ridcTIJ625Fr0oiuhgqIoFwQ==}
    peerDependencies:
      '@emotion/is-prop-valid': '*'
      react: ^18.0.0 || ^19.0.0
      react-dom: ^18.0.0 || ^19.0.0
    peerDependenciesMeta:
      '@emotion/is-prop-valid':
        optional: true
      react:
        optional: true
      react-dom:
        optional: true

  motion-dom@12.10.5:
    resolution: {integrity: sha512-F7XKmhxXEH/y3aWWf0N2w69wNSN+6PcJ1seqR1WolClmXpPhj+xwzs9j5CpsMFzeHR1D7irl3JcWMToPRwX6Hg==}

  motion-utils@12.9.4:
    resolution: {integrity: sha512-BW3I65zeM76CMsfh3kHid9ansEJk9Qvl+K5cu4DVHKGsI52n76OJ4z2CUJUV+Mn3uEP9k1JJA3tClG0ggSrRcg==}

  motion@12.10.5:
    resolution: {integrity: sha512-vRzav5F6STetDXx1gpduztcChF7St+HM6gmHhBjaCc7qHC+fBoeMtO2npSt2YXRJKhwQggTTVx2fHP6RL2QxMA==}
    peerDependencies:
      '@emotion/is-prop-valid': '*'
      react: ^18.0.0 || ^19.0.0
      react-dom: ^18.0.0 || ^19.0.0
    peerDependenciesMeta:
      '@emotion/is-prop-valid':
        optional: true
      react:
        optional: true
      react-dom:
        optional: true

  tailwind-merge@3.2.0:
    resolution: {integrity: sha512-FQT/OVqCD+7edmmJpsgCsY820RTD5AkBryuG5IUqR5YQZSdj5xlH5nLgH7YPths7WsLPSpSBNneJdM8aS8aeFA==}

  tslib@2.8.1:
    resolution: {integrity: sha512-oJFu94HQb+KVduSUQL7wnpmqnfmLsOA/nAh6b6EH0wCEoK0/mPeXU6c3wKDV83MkOuHPRHtSXKKU99IBazS/2w==}

snapshots:

  clsx@2.1.1: {}

  framer-motion@12.10.5:
    dependencies:
      motion-dom: 12.10.5
      motion-utils: 12.9.4
      tslib: 2.8.1

  motion-dom@12.10.5:
    dependencies:
      motion-utils: 12.9.4

  motion-utils@12.9.4: {}

  motion@12.10.5:
    dependencies:
      framer-motion: 12.10.5
      tslib: 2.8.1

  tailwind-merge@3.2.0: {}

  tslib@2.8.1: {}
